
Microsoft Visual Studio Solution File, Format Version 12.00
# Visual Studio Version 16
VisualStudioVersion = 16.0.30523.141
MinimumVisualStudioVersion = 10.0.40219.1
Project("{888888A0-9F3D-457C-B088-3A5042F75D52}") = "CS3190-HW3", "CS3190-HW3\CS3190-HW3.pyproj", "{3437084F-DABA-412C-9333-C635AD1A0064}"
EndProject
Project("{888888A0-9F3D-457C-B088-3A5042F75D52}") = "CS3190-HW4", "CS3190-HW4\CS3190-HW4.pyproj", "{82EECF64-F10F-4073-9308-5BDA861F4ADB}"
EndProject
Global
	GlobalSection(SolutionConfigurationPlatforms) = preSolution
		Debug|Any CPU = Debug|Any CPU
		Release|Any CPU = Release|Any CPU
	EndGlobalSection
	GlobalSection(ProjectConfigurationPlatforms) = postSolution
		{3437084F-DABA-412C-9333-C635AD1A0064}.Debug|Any CPU.ActiveCfg = Debug|Any CPU
		{3437084F-DABA-412C-9333-C635AD1A0064}.Release|Any CPU.ActiveCfg = Release|Any CPU
		{82EECF64-F10F-4073-9308-5BDA861F4ADB}.Debug|Any CPU.ActiveCfg = Debug|Any CPU
		{82EECF64-F10F-4073-9308-5BDA861F4ADB}.Release|Any CPU.ActiveCfg = Release|Any CPU
	EndGlobalSection
	GlobalSection(SolutionProperties) = preSolution
		HideSolutionNode = FALSE
	EndGlobalSection
	GlobalSection(ExtensibilityGlobals) = postSolution
		SolutionGuid = {FEEEF696-35B0-4BD2-8520-A1CE5286D0BF}
	EndGlobalSection
EndGlobal
